// !$*UTF8*$!
{
	archiveVersion = 1;
	classes = {
	};
	objectVersion = 56;
	objects = {

/* Begin PBXBuildFile section */
		8549691C29A1925C00FCBF2A /* Assets.xcassets in Resources */ = {isa = PBXBuildFile; fileRef = 859725EB299701C400A54639 /* Assets.xcassets */; };
		8549691D29A1931A00FCBF2A /* Constant.swift in Sources */ = {isa = PBXBuildFile; fileRef = 8597262C2998319F00A54639 /* Constant.swift */; };
		8590499C299EE9A700E928F2 /* SoundPlayer.swift in Sources */ = {isa = PBXBuildFile; fileRef = 8590499B299EE9A700E928F2 /* SoundPlayer.swift */; };
		859725E8299701C200A54639 /* DevoteApp.swift in Sources */ = {isa = PBXBuildFile; fileRef = 859725E7299701C200A54639 /* DevoteApp.swift */; };
		859725EA299701C200A54639 /* ContentView.swift in Sources */ = {isa = PBXBuildFile; fileRef = 859725E9299701C200A54639 /* ContentView.swift */; };
		859725EC299701C400A54639 /* Assets.xcassets in Resources */ = {isa = PBXBuildFile; fileRef = 859725EB299701C400A54639 /* Assets.xcassets */; };
		859725EF299701C400A54639 /* Preview Assets.xcassets in Resources */ = {isa = PBXBuildFile; fileRef = 859725EE299701C400A54639 /* Preview Assets.xcassets */; };
		859725F9299701C400A54639 /* DevoteTests.swift in Sources */ = {isa = PBXBuildFile; fileRef = 859725F8299701C400A54639 /* DevoteTests.swift */; };
		85972603299701C400A54639 /* DevoteUITests.swift in Sources */ = {isa = PBXBuildFile; fileRef = 85972602299701C400A54639 /* DevoteUITests.swift */; };
		85972605299701C400A54639 /* DevoteUITestsLaunchTests.swift in Sources */ = {isa = PBXBuildFile; fileRef = 85972604299701C400A54639 /* DevoteUITestsLaunchTests.swift */; };
		859726132997037A00A54639 /* Devote.xcdatamodeld in Sources */ = {isa = PBXBuildFile; fileRef = 859726112997037A00A54639 /* Devote.xcdatamodeld */; };
		859726172997047700A54639 /* sound-ding.mp3 in Resources */ = {isa = PBXBuildFile; fileRef = 859726142997047700A54639 /* sound-ding.mp3 */; };
		859726182997047700A54639 /* sound-tap.mp3 in Resources */ = {isa = PBXBuildFile; fileRef = 859726152997047700A54639 /* sound-tap.mp3 */; };
		859726192997047700A54639 /* sound-rise.mp3 in Resources */ = {isa = PBXBuildFile; fileRef = 859726162997047700A54639 /* sound-rise.mp3 */; };
		859726242997057F00A54639 /* Persistence.swift in Sources */ = {isa = PBXBuildFile; fileRef = 859726232997057F00A54639 /* Persistence.swift */; };
		8597262B29982D9400A54639 /* HideKeyboardExtension.swift in Sources */ = {isa = PBXBuildFile; fileRef = 8597262A29982D9400A54639 /* HideKeyboardExtension.swift */; };
		8597262D2998319F00A54639 /* Constant.swift in Sources */ = {isa = PBXBuildFile; fileRef = 8597262C2998319F00A54639 /* Constant.swift */; };
		85AB5694299DA4B600C946FA /* ListRowItemVIew.swift in Sources */ = {isa = PBXBuildFile; fileRef = 85AB5693299DA4B600C946FA /* ListRowItemVIew.swift */; };
		85AB5696299DA83300C946FA /* CheckboxStyle.swift in Sources */ = {isa = PBXBuildFile; fileRef = 85AB5695299DA83300C946FA /* CheckboxStyle.swift */; };
		85AC252629A03EBA0014E52D /* WidgetKit.framework in Frameworks */ = {isa = PBXBuildFile; fileRef = 85AC252529A03EBA0014E52D /* WidgetKit.framework */; };
		85AC252829A03EBA0014E52D /* SwiftUI.framework in Frameworks */ = {isa = PBXBuildFile; fileRef = 85AC252729A03EBA0014E52D /* SwiftUI.framework */; };
		85AC252B29A03EBA0014E52D /* Devote_WidgetBundle.swift in Sources */ = {isa = PBXBuildFile; fileRef = 85AC252A29A03EBA0014E52D /* Devote_WidgetBundle.swift */; };
		85AC252D29A03EBA0014E52D /* Devote_WidgetLiveActivity.swift in Sources */ = {isa = PBXBuildFile; fileRef = 85AC252C29A03EBA0014E52D /* Devote_WidgetLiveActivity.swift */; };
		85AC252F29A03EBA0014E52D /* Devote_Widget.swift in Sources */ = {isa = PBXBuildFile; fileRef = 85AC252E29A03EBA0014E52D /* Devote_Widget.swift */; };
		85AC253229A03EBC0014E52D /* Assets.xcassets in Resources */ = {isa = PBXBuildFile; fileRef = 85AC253129A03EBC0014E52D /* Assets.xcassets */; };
		85AC253429A03EBC0014E52D /* Devote_Widget.intentdefinition in Sources */ = {isa = PBXBuildFile; fileRef = 85AC253029A03EBA0014E52D /* Devote_Widget.intentdefinition */; };
		85AC253529A03EBC0014E52D /* Devote_Widget.intentdefinition in Sources */ = {isa = PBXBuildFile; fileRef = 85AC253029A03EBA0014E52D /* Devote_Widget.intentdefinition */; };
		85AC253829A03EBC0014E52D /* Devote WidgetExtension.appex in Embed Foundation Extensions */ = {isa = PBXBuildFile; fileRef = 85AC252329A03EBA0014E52D /* Devote WidgetExtension.appex */; settings = {ATTRIBUTES = (RemoveHeadersOnCopy, ); }; };
		85AE3DCA2999845100D69E48 /* NewTaskItemView.swift in Sources */ = {isa = PBXBuildFile; fileRef = 85AE3DC92999845100D69E48 /* NewTaskItemView.swift */; };
		85AE3DCC2999896200D69E48 /* BlankView.swift in Sources */ = {isa = PBXBuildFile; fileRef = 85AE3DCB2999896200D69E48 /* BlankView.swift */; };
/* End PBXBuildFile section */

/* Begin PBXContainerItemProxy section */
		859725F5299701C400A54639 /* PBXContainerItemProxy */ = {
			isa = PBXContainerItemProxy;
			containerPortal = 859725DC299701C200A54639 /* Project object */;
			proxyType = 1;
			remoteGlobalIDString = 859725E3299701C200A54639;
			remoteInfo = Devote;
		};
		859725FF299701C400A54639 /* PBXContainerItemProxy */ = {
			isa = PBXContainerItemProxy;
			containerPortal = 859725DC299701C200A54639 /* Project object */;
			proxyType = 1;
			remoteGlobalIDString = 859725E3299701C200A54639;
			remoteInfo = Devote;
		};
		85AC253629A03EBC0014E52D /* PBXContainerItemProxy */ = {
			isa = PBXContainerItemProxy;
			containerPortal = 859725DC299701C200A54639 /* Project object */;
			proxyType = 1;
			remoteGlobalIDString = 85AC252229A03EBA0014E52D;
			remoteInfo = "Devote WidgetExtension";
		};
/* End PBXContainerItemProxy section */

/* Begin PBXCopyFilesBuildPhase section */
		85AC253929A03EBC0014E52D /* Embed Foundation Extensions */ = {
			isa = PBXCopyFilesBuildPhase;
			buildActionMask = 2147483647;
			dstPath = "";
			dstSubfolderSpec = 13;
			files = (
				85AC253829A03EBC0014E52D /* Devote WidgetExtension.appex in Embed Foundation Extensions */,
			);
			name = "Embed Foundation Extensions";
			runOnlyForDeploymentPostprocessing = 0;
		};
/* End PBXCopyFilesBuildPhase section */

/* Begin PBXFileReference section */
		8590499B299EE9A700E928F2 /* SoundPlayer.swift */ = {isa = PBXFileReference; lastKnownFileType = sourcecode.swift; path = SoundPlayer.swift; sourceTree = "<group>"; };
		859725E4299701C200A54639 /* Devote.app */ = {isa = PBXFileReference; explicitFileType = wrapper.application; includeInIndex = 0; path = Devote.app; sourceTree = BUILT_PRODUCTS_DIR; };
		859725E7299701C200A54639 /* DevoteApp.swift */ = {isa = PBXFileReference; lastKnownFileType = sourcecode.swift; path = DevoteApp.swift; sourceTree = "<group>"; };
		859725E9299701C200A54639 /* ContentView.swift */ = {isa = PBXFileReference; lastKnownFileType = sourcecode.swift; path = ContentView.swift; sourceTree = "<group>"; };
		859725EB299701C400A54639 /* Assets.xcassets */ = {isa = PBXFileReference; lastKnownFileType = folder.assetcatalog; path = Assets.xcassets; sourceTree = "<group>"; };
		859725EE299701C400A54639 /* Preview Assets.xcassets */ = {isa = PBXFileReference; lastKnownFileType = folder.assetcatalog; path = "Preview Assets.xcassets"; sourceTree = "<group>"; };
		859725F4299701C400A54639 /* DevoteTests.xctest */ = {isa = PBXFileReference; explicitFileType = wrapper.cfbundle; includeInIndex = 0; path = DevoteTests.xctest; sourceTree = BUILT_PRODUCTS_DIR; };
		859725F8299701C400A54639 /* DevoteTests.swift */ = {isa = PBXFileReference; lastKnownFileType = sourcecode.swift; path = DevoteTests.swift; sourceTree = "<group>"; };
		859725FE299701C400A54639 /* DevoteUITests.xctest */ = {isa = PBXFileReference; explicitFileType = wrapper.cfbundle; includeInIndex = 0; path = DevoteUITests.xctest; sourceTree = BUILT_PRODUCTS_DIR; };
		85972602299701C400A54639 /* DevoteUITests.swift */ = {isa = PBXFileReference; lastKnownFileType = sourcecode.swift; path = DevoteUITests.swift; sourceTree = "<group>"; };
		85972604299701C400A54639 /* DevoteUITestsLaunchTests.swift */ = {isa = PBXFileReference; lastKnownFileType = sourcecode.swift; path = DevoteUITestsLaunchTests.swift; sourceTree = "<group>"; };
		859726122997037A00A54639 /* Devote.xcdatamodel */ = {isa = PBXFileReference; lastKnownFileType = wrapper.xcdatamodel; path = Devote.xcdatamodel; sourceTree = "<group>"; };
		859726142997047700A54639 /* sound-ding.mp3 */ = {isa = PBXFileReference; lastKnownFileType = audio.mp3; path = "sound-ding.mp3"; sourceTree = "<group>"; };
		859726152997047700A54639 /* sound-tap.mp3 */ = {isa = PBXFileReference; lastKnownFileType = audio.mp3; path = "sound-tap.mp3"; sourceTree = "<group>"; };
		859726162997047700A54639 /* sound-rise.mp3 */ = {isa = PBXFileReference; lastKnownFileType = audio.mp3; path = "sound-rise.mp3"; sourceTree = "<group>"; };
		859726232997057F00A54639 /* Persistence.swift */ = {isa = PBXFileReference; fileEncoding = 4; lastKnownFileType = sourcecode.swift; name = Persistence.swift; path = "Devote iOS 16/Devote/Model/Persistence.swift"; sourceTree = SOURCE_ROOT; };
		859726252997060500A54639 /* Info.plist */ = {isa = PBXFileReference; lastKnownFileType = text.plist; path = Info.plist; sourceTree = "<group>"; };
		8597262A29982D9400A54639 /* HideKeyboardExtension.swift */ = {isa = PBXFileReference; lastKnownFileType = sourcecode.swift; path = HideKeyboardExtension.swift; sourceTree = "<group>"; };
		8597262C2998319F00A54639 /* Constant.swift */ = {isa = PBXFileReference; lastKnownFileType = sourcecode.swift; path = Constant.swift; sourceTree = "<group>"; };
		85AB5693299DA4B600C946FA /* ListRowItemVIew.swift */ = {isa = PBXFileReference; lastKnownFileType = sourcecode.swift; path = ListRowItemVIew.swift; sourceTree = "<group>"; };
		85AB5695299DA83300C946FA /* CheckboxStyle.swift */ = {isa = PBXFileReference; lastKnownFileType = sourcecode.swift; path = CheckboxStyle.swift; sourceTree = "<group>"; };
		85AC252329A03EBA0014E52D /* Devote WidgetExtension.appex */ = {isa = PBXFileReference; explicitFileType = "wrapper.app-extension"; includeInIndex = 0; path = "Devote WidgetExtension.appex"; sourceTree = BUILT_PRODUCTS_DIR; };
		85AC252529A03EBA0014E52D /* WidgetKit.framework */ = {isa = PBXFileReference; lastKnownFileType = wrapper.framework; name = WidgetKit.framework; path = System/Library/Frameworks/WidgetKit.framework; sourceTree = SDKROOT; };
		85AC252729A03EBA0014E52D /* SwiftUI.framework */ = {isa = PBXFileReference; lastKnownFileType = wrapper.framework; name = SwiftUI.framework; path = System/Library/Frameworks/SwiftUI.framework; sourceTree = SDKROOT; };
		85AC252A29A03EBA0014E52D /* Devote_WidgetBundle.swift */ = {isa = PBXFileReference; lastKnownFileType = sourcecode.swift; path = Devote_WidgetBundle.swift; sourceTree = "<group>"; };
		85AC252C29A03EBA0014E52D /* Devote_WidgetLiveActivity.swift */ = {isa = PBXFileReference; lastKnownFileType = sourcecode.swift; path = Devote_WidgetLiveActivity.swift; sourceTree = "<group>"; };
		85AC252E29A03EBA0014E52D /* Devote_Widget.swift */ = {isa = PBXFileReference; lastKnownFileType = sourcecode.swift; path = Devote_Widget.swift; sourceTree = "<group>"; };
		85AC253029A03EBA0014E52D /* Devote_Widget.intentdefinition */ = {isa = PBXFileReference; lastKnownFileType = file.intentdefinition; path = Devote_Widget.intentdefinition; sourceTree = "<group>"; };
		85AC253129A03EBC0014E52D /* Assets.xcassets */ = {isa = PBXFileReference; lastKnownFileType = folder.assetcatalog; path = Assets.xcassets; sourceTree = "<group>"; };
		85AC253329A03EBC0014E52D /* Info.plist */ = {isa = PBXFileReference; lastKnownFileType = text.plist.xml; path = Info.plist; sourceTree = "<group>"; };
		85AE3DC92999845100D69E48 /* NewTaskItemView.swift */ = {isa = PBXFileReference; lastKnownFileType = sourcecode.swift; path = NewTaskItemView.swift; sourceTree = "<group>"; };
		85AE3DCB2999896200D69E48 /* BlankView.swift */ = {isa = PBXFileReference; lastKnownFileType = sourcecode.swift; path = BlankView.swift; sourceTree = "<group>"; };
/* End PBXFileReference section */

/* Begin PBXFrameworksBuildPhase section */
		859725E1299701C200A54639 /* Frameworks */ = {
			isa = PBXFrameworksBuildPhase;
			buildActionMask = 2147483647;
			files = (
			);
			runOnlyForDeploymentPostprocessing = 0;
		};
		859725F1299701C400A54639 /* Frameworks */ = {
			isa = PBXFrameworksBuildPhase;
			buildActionMask = 2147483647;
			files = (
			);
			runOnlyForDeploymentPostprocessing = 0;
		};
		859725FB299701C400A54639 /* Frameworks */ = {
			isa = PBXFrameworksBuildPhase;
			buildActionMask = 2147483647;
			files = (
			);
			runOnlyForDeploymentPostprocessing = 0;
		};
		85AC252029A03EBA0014E52D /* Frameworks */ = {
			isa = PBXFrameworksBuildPhase;
			buildActionMask = 2147483647;
			files = (
				85AC252829A03EBA0014E52D /* SwiftUI.framework in Frameworks */,
				85AC252629A03EBA0014E52D /* WidgetKit.framework in Frameworks */,
			);
			runOnlyForDeploymentPostprocessing = 0;
		};
/* End PBXFrameworksBuildPhase section */

/* Begin PBXGroup section */
		859725DB299701C200A54639 = {
			isa = PBXGroup;
			children = (
				859725E6299701C200A54639 /* Devote */,
				859725F7299701C400A54639 /* DevoteTests */,
				85972601299701C400A54639 /* DevoteUITests */,
				85AC252929A03EBA0014E52D /* Devote Widget */,
				85AC252429A03EBA0014E52D /* Frameworks */,
				859725E5299701C200A54639 /* Products */,
			);
			sourceTree = "<group>";
		};
		859725E5299701C200A54639 /* Products */ = {
			isa = PBXGroup;
			children = (
				859725E4299701C200A54639 /* Devote.app */,
				859725F4299701C400A54639 /* DevoteTests.xctest */,
				859725FE299701C400A54639 /* DevoteUITests.xctest */,
				85AC252329A03EBA0014E52D /* Devote WidgetExtension.appex */,
			);
			name = Products;
			sourceTree = "<group>";
		};
		859725E6299701C200A54639 /* Devote */ = {
			isa = PBXGroup;
			children = (
				859726252997060500A54639 /* Info.plist */,
				859725E7299701C200A54639 /* DevoteApp.swift */,
				8597261D299704B800A54639 /* View */,
				8597261C299704AB00A54639 /* Songs */,
				859726222997055F00A54639 /* Model */,
				8597261E299704CC00A54639 /* Extension */,
				8597261F299704DE00A54639 /* Utility */,
				85972620299704E700A54639 /* Style */,
				859725EB299701C400A54639 /* Assets.xcassets */,
				859725ED299701C400A54639 /* Preview Content */,
			);
			path = Devote;
			sourceTree = "<group>";
		};
		859725ED299701C400A54639 /* Preview Content */ = {
			isa = PBXGroup;
			children = (
				859725EE299701C400A54639 /* Preview Assets.xcassets */,
			);
			path = "Preview Content";
			sourceTree = "<group>";
		};
		859725F7299701C400A54639 /* DevoteTests */ = {
			isa = PBXGroup;
			children = (
				859725F8299701C400A54639 /* DevoteTests.swift */,
			);
			path = DevoteTests;
			sourceTree = "<group>";
		};
		85972601299701C400A54639 /* DevoteUITests */ = {
			isa = PBXGroup;
			children = (
				85972602299701C400A54639 /* DevoteUITests.swift */,
				85972604299701C400A54639 /* DevoteUITestsLaunchTests.swift */,
			);
			path = DevoteUITests;
			sourceTree = "<group>";
		};
		8597261C299704AB00A54639 /* Songs */ = {
			isa = PBXGroup;
			children = (
				859726142997047700A54639 /* sound-ding.mp3 */,
				859726162997047700A54639 /* sound-rise.mp3 */,
				859726152997047700A54639 /* sound-tap.mp3 */,
			);
			path = Songs;
			sourceTree = "<group>";
		};
		8597261D299704B800A54639 /* View */ = {
			isa = PBXGroup;
			children = (
				859725E9299701C200A54639 /* ContentView.swift */,
				85AE3DC92999845100D69E48 /* NewTaskItemView.swift */,
				85AE3DCB2999896200D69E48 /* BlankView.swift */,
				85AB5693299DA4B600C946FA /* ListRowItemVIew.swift */,
			);
			path = View;
			sourceTree = "<group>";
		};
		8597261E299704CC00A54639 /* Extension */ = {
			isa = PBXGroup;
			children = (
				8597262A29982D9400A54639 /* HideKeyboardExtension.swift */,
			);
			path = Extension;
			sourceTree = "<group>";
		};
		8597261F299704DE00A54639 /* Utility */ = {
			isa = PBXGroup;
			children = (
				8597262C2998319F00A54639 /* Constant.swift */,
				8590499B299EE9A700E928F2 /* SoundPlayer.swift */,
			);
			path = Utility;
			sourceTree = "<group>";
		};
		85972620299704E700A54639 /* Style */ = {
			isa = PBXGroup;
			children = (
				85AB5695299DA83300C946FA /* CheckboxStyle.swift */,
			);
			path = Style;
			sourceTree = "<group>";
		};
		859726222997055F00A54639 /* Model */ = {
			isa = PBXGroup;
			children = (
				859726112997037A00A54639 /* Devote.xcdatamodeld */,
				859726232997057F00A54639 /* Persistence.swift */,
			);
			path = Model;
			sourceTree = "<group>";
		};
		85AC252429A03EBA0014E52D /* Frameworks */ = {
			isa = PBXGroup;
			children = (
				85AC252529A03EBA0014E52D /* WidgetKit.framework */,
				85AC252729A03EBA0014E52D /* SwiftUI.framework */,
			);
			name = Frameworks;
			sourceTree = "<group>";
		};
		85AC252929A03EBA0014E52D /* Devote Widget */ = {
			isa = PBXGroup;
			children = (
				85AC252A29A03EBA0014E52D /* Devote_WidgetBundle.swift */,
				85AC252C29A03EBA0014E52D /* Devote_WidgetLiveActivity.swift */,
				85AC252E29A03EBA0014E52D /* Devote_Widget.swift */,
				85AC253029A03EBA0014E52D /* Devote_Widget.intentdefinition */,
				85AC253129A03EBC0014E52D /* Assets.xcassets */,
				85AC253329A03EBC0014E52D /* Info.plist */,
			);
			path = "Devote Widget";
			sourceTree = "<group>";
		};
/* End PBXGroup section */

/* Begin PBXNativeTarget section */
		859725E3299701C200A54639 /* Devote */ = {
			isa = PBXNativeTarget;
			buildConfigurationList = 85972608299701C400A54639 /* Build configuration list for PBXNativeTarget "Devote" */;
			buildPhases = (
				859725E0299701C200A54639 /* Sources */,
				859725E1299701C200A54639 /* Frameworks */,
				859725E2299701C200A54639 /* Resources */,
				85AC253929A03EBC0014E52D /* Embed Foundation Extensions */,
			);
			buildRules = (
			);
			dependencies = (
				85AC253729A03EBC0014E52D /* PBXTargetDependency */,
			);
			name = Devote;
			productName = Devote;
			productReference = 859725E4299701C200A54639 /* Devote.app */;
			productType = "com.apple.product-type.application";
		};
		859725F3299701C400A54639 /* DevoteTests */ = {
			isa = PBXNativeTarget;
			buildConfigurationList = 8597260B299701C400A54639 /* Build configuration list for PBXNativeTarget "DevoteTests" */;
			buildPhases = (
				859725F0299701C400A54639 /* Sources */,
				859725F1299701C400A54639 /* Frameworks */,
				859725F2299701C400A54639 /* Resources */,
			);
			buildRules = (
			);
			dependencies = (
				859725F6299701C400A54639 /* PBXTargetDependency */,
			);
			name = DevoteTests;
			productName = DevoteTests;
			productReference = 859725F4299701C400A54639 /* DevoteTests.xctest */;
			productType = "com.apple.product-type.bundle.unit-test";
		};
		859725FD299701C400A54639 /* DevoteUITests */ = {
			isa = PBXNativeTarget;
			buildConfigurationList = 8597260E299701C400A54639 /* Build configuration list for PBXNativeTarget "DevoteUITests" */;
			buildPhases = (
				859725FA299701C400A54639 /* Sources */,
				859725FB299701C400A54639 /* Frameworks */,
				859725FC299701C400A54639 /* Resources */,
			);
			buildRules = (
			);
			dependencies = (
				85972600299701C400A54639 /* PBXTargetDependency */,
			);
			name = DevoteUITests;
			productName = DevoteUITests;
			productReference = 859725FE299701C400A54639 /* DevoteUITests.xctest */;
			productType = "com.apple.product-type.bundle.ui-testing";
		};
		85AC252229A03EBA0014E52D /* Devote WidgetExtension */ = {
			isa = PBXNativeTarget;
			buildConfigurationList = 85AC253C29A03EBC0014E52D /* Build configuration list for PBXNativeTarget "Devote WidgetExtension" */;
			buildPhases = (
				85AC251F29A03EBA0014E52D /* Sources */,
				85AC252029A03EBA0014E52D /* Frameworks */,
				85AC252129A03EBA0014E52D /* Resources */,
			);
			buildRules = (
			);
			dependencies = (
			);
			name = "Devote WidgetExtension";
			productName = "Devote WidgetExtension";
			productReference = 85AC252329A03EBA0014E52D /* Devote WidgetExtension.appex */;
			productType = "com.apple.product-type.app-extension";
		};
/* End PBXNativeTarget section */

/* Begin PBXProject section */
		859725DC299701C200A54639 /* Project object */ = {
			isa = PBXProject;
			attributes = {
				BuildIndependentTargetsInParallel = 1;
				LastSwiftUpdateCheck = 1420;
				LastUpgradeCheck = 1420;
				TargetAttributes = {
					859725E3299701C200A54639 = {
						CreatedOnToolsVersion = 14.2;
					};
					859725F3299701C400A54639 = {
						CreatedOnToolsVersion = 14.2;
						TestTargetID = 859725E3299701C200A54639;
					};
					859725FD299701C400A54639 = {
						CreatedOnToolsVersion = 14.2;
						TestTargetID = 859725E3299701C200A54639;
					};
					85AC252229A03EBA0014E52D = {
						CreatedOnToolsVersion = 14.2;
					};
				};
			};
			buildConfigurationList = 859725DF299701C200A54639 /* Build configuration list for PBXProject "Devote" */;
			compatibilityVersion = "Xcode 14.0";
			developmentRegion = en;
			hasScannedForEncodings = 0;
			knownRegions = (
				en,
				Base,
			);
			mainGroup = 859725DB299701C200A54639;
			productRefGroup = 859725E5299701C200A54639 /* Products */;
			projectDirPath = "";
			projectRoot = "";
			targets = (
				859725E3299701C200A54639 /* Devote */,
				859725F3299701C400A54639 /* DevoteTests */,
				859725FD299701C400A54639 /* DevoteUITests */,
				85AC252229A03EBA0014E52D /* Devote WidgetExtension */,
			);
		};
/* End PBXProject section */

/* Begin PBXResourcesBuildPhase section */
		859725E2299701C200A54639 /* Resources */ = {
			isa = PBXResourcesBuildPhase;
			buildActionMask = 2147483647;
			files = (
				859726192997047700A54639 /* sound-rise.mp3 in Resources */,
				859725EF299701C400A54639 /* Preview Assets.xcassets in Resources */,
				859725EC299701C400A54639 /* Assets.xcassets in Resources */,
				859726182997047700A54639 /* sound-tap.mp3 in Resources */,
				859726172997047700A54639 /* sound-ding.mp3 in Resources */,
			);
			runOnlyForDeploymentPostprocessing = 0;
		};
		859725F2299701C400A54639 /* Resources */ = {
			isa = PBXResourcesBuildPhase;
			buildActionMask = 2147483647;
			files = (
			);
			runOnlyForDeploymentPostprocessing = 0;
		};
		859725FC299701C400A54639 /* Resources */ = {
			isa = PBXResourcesBuildPhase;
			buildActionMask = 2147483647;
			files = (
			);
			runOnlyForDeploymentPostprocessing = 0;
		};
		85AC252129A03EBA0014E52D /* Resources */ = {
			isa = PBXResourcesBuildPhase;
			buildActionMask = 2147483647;
			files = (
				8549691C29A1925C00FCBF2A /* Assets.xcassets in Resources */,
				85AC253229A03EBC0014E52D /* Assets.xcassets in Resources */,
			);
			runOnlyForDeploymentPostprocessing = 0;
		};
/* End PBXResourcesBuildPhase section */

/* Begin PBXSourcesBuildPhase section */
		859725E0299701C200A54639 /* Sources */ = {
			isa = PBXSourcesBuildPhase;
			buildActionMask = 2147483647;
			files = (
				85AE3DCA2999845100D69E48 /* NewTaskItemView.swift in Sources */,
				85AC253529A03EBC0014E52D /* Devote_Widget.intentdefinition in Sources */,
				859725EA299701C200A54639 /* ContentView.swift in Sources */,
				8590499C299EE9A700E928F2 /* SoundPlayer.swift in Sources */,
				85AB5694299DA4B600C946FA /* ListRowItemVIew.swift in Sources */,
				859726242997057F00A54639 /* Persistence.swift in Sources */,
				8597262B29982D9400A54639 /* HideKeyboardExtension.swift in Sources */,
				859726132997037A00A54639 /* Devote.xcdatamodeld in Sources */,
				85AE3DCC2999896200D69E48 /* BlankView.swift in Sources */,
				859725E8299701C200A54639 /* DevoteApp.swift in Sources */,
				85AB5696299DA83300C946FA /* CheckboxStyle.swift in Sources */,
				8597262D2998319F00A54639 /* Constant.swift in Sources */,
			);
			runOnlyForDeploymentPostprocessing = 0;
		};
		859725F0299701C400A54639 /* Sources */ = {
			isa = PBXSourcesBuildPhase;
			buildActionMask = 2147483647;
			files = (
				859725F9299701C400A54639 /* DevoteTests.swift in Sources */,
			);
			runOnlyForDeploymentPostprocessing = 0;
		};
		859725FA299701C400A54639 /* Sources */ = {
			isa = PBXSourcesBuildPhase;
			buildActionMask = 2147483647;
			files = (
				85972603299701C400A54639 /* DevoteUITests.swift in Sources */,
				85972605299701C400A54639 /* DevoteUITestsLaunchTests.swift in Sources */,
			);
			runOnlyForDeploymentPostprocessing = 0;
		};
		85AC251F29A03EBA0014E52D /* Sources */ = {
			isa = PBXSourcesBuildPhase;
			buildActionMask = 2147483647;
			files = (
				85AC252B29A03EBA0014E52D /* Devote_WidgetBundle.swift in Sources */,
				85AC253429A03EBC0014E52D /* Devote_Widget.intentdefinition in Sources */,
				8549691D29A1931A00FCBF2A /* Constant.swift in Sources */,
				85AC252F29A03EBA0014E52D /* Devote_Widget.swift in Sources */,
				85AC252D29A03EBA0014E52D /* Devote_WidgetLiveActivity.swift in Sources */,
			);
			runOnlyForDeploymentPostprocessing = 0;
		};
/* End PBXSourcesBuildPhase section */

/* Begin PBXTargetDependency section */
		859725F6299701C400A54639 /* PBXTargetDependency */ = {
			isa = PBXTargetDependency;
			target = 859725E3299701C200A54639 /* Devote */;
			targetProxy = 859725F5299701C400A54639 /* PBXContainerItemProxy */;
		};
		85972600299701C400A54639 /* PBXTargetDependency */ = {
			isa = PBXTargetDependency;
			target = 859725E3299701C200A54639 /* Devote */;
			targetProxy = 859725FF299701C400A54639 /* PBXContainerItemProxy */;
		};
		85AC253729A03EBC0014E52D /* PBXTargetDependency */ = {
			isa = PBXTargetDependency;
			target = 85AC252229A03EBA0014E52D /* Devote WidgetExtension */;
			targetProxy = 85AC253629A03EBC0014E52D /* PBXContainerItemProxy */;
		};
/* End PBXTargetDependency section */

/* Begin XCBuildConfiguration section */
		85972606299701C400A54639 /* Debug */ = {
			isa = XCBuildConfiguration;
			buildSettings = {
				ALWAYS_SEARCH_USER_PATHS = NO;
				CLANG_ANALYZER_NONNULL = YES;
				CLANG_ANALYZER_NUMBER_OBJECT_CONVERSION = YES_AGGRESSIVE;
				CLANG_CXX_LANGUAGE_STANDARD = "gnu++20";
				CLANG_ENABLE_MODULES = YES;
				CLANG_ENABLE_OBJC_ARC = YES;
				CLANG_ENABLE_OBJC_WEAK = YES;
				CLANG_WARN_BLOCK_CAPTURE_AUTORELEASING = YES;
				CLANG_WARN_BOOL_CONVERSION = YES;
				CLANG_WARN_COMMA = YES;
				CLANG_WARN_CONSTANT_CONVERSION = YES;
				CLANG_WARN_DEPRECATED_OBJC_IMPLEMENTATIONS = YES;
				CLANG_WARN_DIRECT_OBJC_ISA_USAGE = YES_ERROR;
				CLANG_WARN_DOCUMENTATION_COMMENTS = YES;
				CLANG_WARN_EMPTY_BODY = YES;
				CLANG_WARN_ENUM_CONVERSION = YES;
				CLANG_WARN_INFINITE_RECURSION = YES;
				CLANG_WARN_INT_CONVERSION = YES;
				CLANG_WARN_NON_LITERAL_NULL_CONVERSION = YES;
				CLANG_WARN_OBJC_IMPLICIT_RETAIN_SELF = YES;
				CLANG_WARN_OBJC_LITERAL_CONVERSION = YES;
				CLANG_WARN_OBJC_ROOT_CLASS = YES_ERROR;
				CLANG_WARN_QUOTED_INCLUDE_IN_FRAMEWORK_HEADER = YES;
				CLANG_WARN_RANGE_LOOP_ANALYSIS = YES;
				CLANG_WARN_STRICT_PROTOTYPES = YES;
				CLANG_WARN_SUSPICIOUS_MOVE = YES;
				CLANG_WARN_UNGUARDED_AVAILABILITY = YES_AGGRESSIVE;
				CLANG_WARN_UNREACHABLE_CODE = YES;
				CLANG_WARN__DUPLICATE_METHOD_MATCH = YES;
				COPY_PHASE_STRIP = NO;
				DEBUG_INFORMATION_FORMAT = dwarf;
				ENABLE_STRICT_OBJC_MSGSEND = YES;
				ENABLE_TESTABILITY = YES;
				GCC_C_LANGUAGE_STANDARD = gnu11;
				GCC_DYNAMIC_NO_PIC = NO;
				GCC_NO_COMMON_BLOCKS = YES;
				GCC_OPTIMIZATION_LEVEL = 0;
				GCC_PREPROCESSOR_DEFINITIONS = (
					"DEBUG=1",
					"$(inherited)",
				);
				GCC_WARN_64_TO_32_BIT_CONVERSION = YES;
				GCC_WARN_ABOUT_RETURN_TYPE = YES_ERROR;
				GCC_WARN_UNDECLARED_SELECTOR = YES;
				GCC_WARN_UNINITIALIZED_AUTOS = YES_AGGRESSIVE;
				GCC_WARN_UNUSED_FUNCTION = YES;
				GCC_WARN_UNUSED_VARIABLE = YES;
				IPHONEOS_DEPLOYMENT_TARGET = 16.2;
				MTL_ENABLE_DEBUG_INFO = INCLUDE_SOURCE;
				MTL_FAST_MATH = YES;
				ONLY_ACTIVE_ARCH = YES;
				SDKROOT = iphoneos;
				SWIFT_ACTIVE_COMPILATION_CONDITIONS = DEBUG;
				SWIFT_OPTIMIZATION_LEVEL = "-Onone";
			};
			name = Debug;
		};
		85972607299701C400A54639 /* Release */ = {
			isa = XCBuildConfiguration;
			buildSettings = {
				ALWAYS_SEARCH_USER_PATHS = NO;
				CLANG_ANALYZER_NONNULL = YES;
				CLANG_ANALYZER_NUMBER_OBJECT_CONVERSION = YES_AGGRESSIVE;
				CLANG_CXX_LANGUAGE_STANDARD = "gnu++20";
				CLANG_ENABLE_MODULES = YES;
				CLANG_ENABLE_OBJC_ARC = YES;
				CLANG_ENABLE_OBJC_WEAK = YES;
				CLANG_WARN_BLOCK_CAPTURE_AUTORELEASING = YES;
				CLANG_WARN_BOOL_CONVERSION = YES;
				CLANG_WARN_COMMA = YES;
				CLANG_WARN_CONSTANT_CONVERSION = YES;
				CLANG_WARN_DEPRECATED_OBJC_IMPLEMENTATIONS = YES;
				CLANG_WARN_DIRECT_OBJC_ISA_USAGE = YES_ERROR;
				CLANG_WARN_DOCUMENTATION_COMMENTS = YES;
				CLANG_WARN_EMPTY_BODY = YES;
				CLANG_WARN_ENUM_CONVERSION = YES;
				CLANG_WARN_INFINITE_RECURSION = YES;
				CLANG_WARN_INT_CONVERSION = YES;
				CLANG_WARN_NON_LITERAL_NULL_CONVERSION = YES;
				CLANG_WARN_OBJC_IMPLICIT_RETAIN_SELF = YES;
				CLANG_WARN_OBJC_LITERAL_CONVERSION = YES;
				CLANG_WARN_OBJC_ROOT_CLASS = YES_ERROR;
				CLANG_WARN_QUOTED_INCLUDE_IN_FRAMEWORK_HEADER = YES;
				CLANG_WARN_RANGE_LOOP_ANALYSIS = YES;
				CLANG_WARN_STRICT_PROTOTYPES = YES;
				CLANG_WARN_SUSPICIOUS_MOVE = YES;
				CLANG_WARN_UNGUARDED_AVAILABILITY = YES_AGGRESSIVE;
				CLANG_WARN_UNREACHABLE_CODE = YES;
				CLANG_WARN__DUPLICATE_METHOD_MATCH = YES;
				COPY_PHASE_STRIP = NO;
				DEBUG_INFORMATION_FORMAT = "dwarf-with-dsym";
				ENABLE_NS_ASSERTIONS = NO;
				ENABLE_STRICT_OBJC_MSGSEND = YES;
				GCC_C_LANGUAGE_STANDARD = gnu11;
				GCC_NO_COMMON_BLOCKS = YES;
				GCC_WARN_64_TO_32_BIT_CONVERSION = YES;
				GCC_WARN_ABOUT_RETURN_TYPE = YES_ERROR;
				GCC_WARN_UNDECLARED_SELECTOR = YES;
				GCC_WARN_UNINITIALIZED_AUTOS = YES_AGGRESSIVE;
				GCC_WARN_UNUSED_FUNCTION = YES;
				GCC_WARN_UNUSED_VARIABLE = YES;
				IPHONEOS_DEPLOYMENT_TARGET = 16.2;
				MTL_ENABLE_DEBUG_INFO = NO;
				MTL_FAST_MATH = YES;
				SDKROOT = iphoneos;
				SWIFT_COMPILATION_MODE = wholemodule;
				SWIFT_OPTIMIZATION_LEVEL = "-O";
				VALIDATE_PRODUCT = YES;
			};
			name = Release;
		};
		85972609299701C400A54639 /* Debug */ = {
			isa = XCBuildConfiguration;
			buildSettings = {
				ALWAYS_EMBED_SWIFT_STANDARD_LIBRARIES = YES;
				ASSETCATALOG_COMPILER_APPICON_NAME = AppIcon;
				ASSETCATALOG_COMPILER_GLOBAL_ACCENT_COLOR_NAME = AccentColor;
				CODE_SIGN_STYLE = Automatic;
				CURRENT_PROJECT_VERSION = 1;
				DEVELOPMENT_ASSET_PATHS = "\"Devote/Preview Content\"";
				ENABLE_PREVIEWS = YES;
				GENERATE_INFOPLIST_FILE = YES;
				INFOPLIST_FILE = Devote/Info.plist;
				INFOPLIST_KEY_UIApplicationSceneManifest_Generation = YES;
				INFOPLIST_KEY_UIApplicationSupportsIndirectInputEvents = YES;
				INFOPLIST_KEY_UISupportedInterfaceOrientations = UIInterfaceOrientationPortrait;
				INFOPLIST_KEY_UISupportedInterfaceOrientations_iPad = "UIInterfaceOrientationPortrait UIInterfaceOrientationPortraitUpsideDown";
				LD_RUNPATH_SEARCH_PATHS = (
					"$(inherited)",
					"@executable_path/Frameworks",
				);
				MARKETING_VERSION = 1.0;
				PRODUCT_BUNDLE_IDENTIFIER = orlandomoraesmartins.Devote;
				PRODUCT_NAME = "$(TARGET_NAME)";
				SWIFT_EMIT_LOC_STRINGS = YES;
				SWIFT_VERSION = 5.0;
				TARGETED_DEVICE_FAMILY = "1,2";
			};
			name = Debug;
		};
		8597260A299701C400A54639 /* Release */ = {
			isa = XCBuildConfiguration;
			buildSettings = {
				ALWAYS_EMBED_SWIFT_STANDARD_LIBRARIES = YES;
				ASSETCATALOG_COMPILER_APPICON_NAME = AppIcon;
				ASSETCATALOG_COMPILER_GLOBAL_ACCENT_COLOR_NAME = AccentColor;
				CODE_SIGN_STYLE = Automatic;
				CURRENT_PROJECT_VERSION = 1;
				DEVELOPMENT_ASSET_PATHS = "\"Devote/Preview Content\"";
				ENABLE_PREVIEWS = YES;
				GENERATE_INFOPLIST_FILE = YES;
				INFOPLIST_FILE = Devote/Info.plist;
				INFOPLIST_KEY_UIApplicationSceneManifest_Generation = YES;
				INFOPLIST_KEY_UIApplicationSupportsIndirectInputEvents = YES;
				INFOPLIST_KEY_UISupportedInterfaceOrientations = UIInterfaceOrientationPortrait;
				INFOPLIST_KEY_UISupportedInterfaceOrientations_iPad = "UIInterfaceOrientationPortrait UIInterfaceOrientationPortraitUpsideDown";
				LD_RUNPATH_SEARCH_PATHS = (
					"$(inherited)",
					"@executable_path/Frameworks",
				);
				MARKETING_VERSION = 1.0;
				PRODUCT_BUNDLE_IDENTIFIER = orlandomoraesmartins.Devote;
				PRODUCT_NAME = "$(TARGET_NAME)";
				SWIFT_EMIT_LOC_STRINGS = YES;
				SWIFT_VERSION = 5.0;
				TARGETED_DEVICE_FAMILY = "1,2";
			};
			name = Release;
		};
		8597260C299701C400A54639 /* Debug */ = {
			isa = XCBuildConfiguration;
			buildSettings = {
				ALWAYS_EMBED_SWIFT_STANDARD_LIBRARIES = YES;
				BUNDLE_LOADER = "$(TEST_HOST)";
				CODE_SIGN_STYLE = Automatic;
				CURRENT_PROJECT_VERSION = 1;
				GENERATE_INFOPLIST_FILE = YES;
				IPHONEOS_DEPLOYMENT_TARGET = 16.2;
				MARKETING_VERSION = 1.0;
				PRODUCT_BUNDLE_IDENTIFIER = orlandomoraesmartins.DevoteTests;
				PRODUCT_NAME = "$(TARGET_NAME)";
				SWIFT_EMIT_LOC_STRINGS = NO;
				SWIFT_VERSION = 5.0;
				TARGETED_DEVICE_FAMILY = "1,2";
				TEST_HOST = "$(BUILT_PRODUCTS_DIR)/Devote.app/$(BUNDLE_EXECUTABLE_FOLDER_PATH)/Devote";
			};
			name = Debug;
		};
		8597260D299701C400A54639 /* Release */ = {
			isa = XCBuildConfiguration;
			buildSettings = {
				ALWAYS_EMBED_SWIFT_STANDARD_LIBRARIES = YES;
				BUNDLE_LOADER = "$(TEST_HOST)";
				CODE_SIGN_STYLE = Automatic;
				CURRENT_PROJECT_VERSION = 1;
				GENERATE_INFOPLIST_FILE = YES;
				IPHONEOS_DEPLOYMENT_TARGET = 16.2;
				MARKETING_VERSION = 1.0;
				PRODUCT_BUNDLE_IDENTIFIER = orlandomoraesmartins.DevoteTests;
				PRODUCT_NAME = "$(TARGET_NAME)";
				SWIFT_EMIT_LOC_STRINGS = NO;
				SWIFT_VERSION = 5.0;
				TARGETED_DEVICE_FAMILY = "1,2";
				TEST_HOST = "$(BUILT_PRODUCTS_DIR)/Devote.app/$(BUNDLE_EXECUTABLE_FOLDER_PATH)/Devote";
			};
			name = Release;
		};
		8597260F299701C400A54639 /* Debug */ = {
			isa = XCBuildConfiguration;
			buildSettings = {
				ALWAYS_EMBED_SWIFT_STANDARD_LIBRARIES = YES;
				CODE_SIGN_STYLE = Automatic;
				CURRENT_PROJECT_VERSION = 1;
				GENERATE_INFOPLIST_FILE = YES;
				MARKETING_VERSION = 1.0;
				PRODUCT_BUNDLE_IDENTIFIER = orlandomoraesmartins.DevoteUITests;
				PRODUCT_NAME = "$(TARGET_NAME)";
				SWIFT_EMIT_LOC_STRINGS = NO;
				SWIFT_VERSION = 5.0;
				TARGETED_DEVICE_FAMILY = "1,2";
				TEST_TARGET_NAME = Devote;
			};
			name = Debug;
		};
		85972610299701C400A54639 /* Release */ = {
			isa = XCBuildConfiguration;
			buildSettings = {
				ALWAYS_EMBED_SWIFT_STANDARD_LIBRARIES = YES;
				CODE_SIGN_STYLE = Automatic;
				CURRENT_PROJECT_VERSION = 1;
				GENERATE_INFOPLIST_FILE = YES;
				MARKETING_VERSION = 1.0;
				PRODUCT_BUNDLE_IDENTIFIER = orlandomoraesmartins.DevoteUITests;
				PRODUCT_NAME = "$(TARGET_NAME)";
				SWIFT_EMIT_LOC_STRINGS = NO;
				SWIFT_VERSION = 5.0;
				TARGETED_DEVICE_FAMILY = "1,2";
				TEST_TARGET_NAME = Devote;
			};
			name = Release;
		};
		85AC253A29A03EBC0014E52D /* Debug */ = {
			isa = XCBuildConfiguration;
			buildSettings = {
				ASSETCATALOG_COMPILER_GLOBAL_ACCENT_COLOR_NAME = AccentColor;
				ASSETCATALOG_COMPILER_WIDGET_BACKGROUND_COLOR_NAME = WidgetBackground;
				CODE_SIGN_STYLE = Automatic;
				CURRENT_PROJECT_VERSION = 1;
				GENERATE_INFOPLIST_FILE = YES;
				INFOPLIST_FILE = "Devote Widget/Info.plist";
				INFOPLIST_KEY_CFBundleDisplayName = "Devote Widget";
				INFOPLIST_KEY_NSHumanReadableCopyright = "";
				LD_RUNPATH_SEARCH_PATHS = (
					"$(inherited)",
					"@executable_path/Frameworks",
					"@executable_path/../../Frameworks",
				);
				MARKETING_VERSION = 1.0;
				PRODUCT_BUNDLE_IDENTIFIER = "orlandomoraesmartins.Devote.Devote-Widget";
				PRODUCT_NAME = "$(TARGET_NAME)";
				SKIP_INSTALL = YES;
				SWIFT_EMIT_LOC_STRINGS = YES;
				SWIFT_VERSION = 5.0;
				TARGETED_DEVICE_FAMILY = "1,2";
			};
			name = Debug;
		};
		85AC253B29A03EBC0014E52D /* Release */ = {
			isa = XCBuildConfiguration;
			buildSettings = {
				ASSETCATALOG_COMPILER_GLOBAL_ACCENT_COLOR_NAME = AccentColor;
				ASSETCATALOG_COMPILER_WIDGET_BACKGROUND_COLOR_NAME = WidgetBackground;
				CODE_SIGN_STYLE = Automatic;
				CURRENT_PROJECT_VERSION = 1;
				GENERATE_INFOPLIST_FILE = YES;
				INFOPLIST_FILE = "Devote Widget/Info.plist";
				INFOPLIST_KEY_CFBundleDisplayName = "Devote Widget";
				INFOPLIST_KEY_NSHumanReadableCopyright = "";
				LD_RUNPATH_SEARCH_PATHS = (
					"$(inherited)",
					"@executable_path/Frameworks",
					"@executable_path/../../Frameworks",
				);
				MARKETING_VERSION = 1.0;
				PRODUCT_BUNDLE_IDENTIFIER = "orlandomoraesmartins.Devote.Devote-Widget";
				PRODUCT_NAME = "$(TARGET_NAME)";
				SKIP_INSTALL = YES;
				SWIFT_EMIT_LOC_STRINGS = YES;
				SWIFT_VERSION = 5.0;
				TARGETED_DEVICE_FAMILY = "1,2";
			};
			name = Release;
		};
/* End XCBuildConfiguration section */

/* Begin XCConfigurationList section */
		859725DF299701C200A54639 /* Build configuration list for PBXProject "Devote" */ = {
			isa = XCConfigurationList;
			buildConfigurations = (
				85972606299701C400A54639 /* Debug */,
				85972607299701C400A54639 /* Release */,
			);
			defaultConfigurationIsVisible = 0;
			defaultConfigurationName = Release;
		};
		85972608299701C400A54639 /* Build configuration list for PBXNativeTarget "Devote" */ = {
			isa = XCConfigurationList;
			buildConfigurations = (
				85972609299701C400A54639 /* Debug */,
				8597260A299701C400A54639 /* Release */,
			);
			defaultConfigurationIsVisible = 0;
			defaultConfigurationName = Release;
		};
		8597260B299701C400A54639 /* Build configuration list for PBXNativeTarget "DevoteTests" */ = {
			isa = XCConfigurationList;
			buildConfigurations = (
				8597260C299701C400A54639 /* Debug */,
				8597260D299701C400A54639 /* Release */,
			);
			defaultConfigurationIsVisible = 0;
			defaultConfigurationName = Release;
		};
		8597260E299701C400A54639 /* Build configuration list for PBXNativeTarget "DevoteUITests" */ = {
			isa = XCConfigurationList;
			buildConfigurations = (
				8597260F299701C400A54639 /* Debug */,
				85972610299701C400A54639 /* Release */,
			);
			defaultConfigurationIsVisible = 0;
			defaultConfigurationName = Release;
		};
		85AC253C29A03EBC0014E52D /* Build configuration list for PBXNativeTarget "Devote WidgetExtension" */ = {
			isa = XCConfigurationList;
			buildConfigurations = (
				85AC253A29A03EBC0014E52D /* Debug */,
				85AC253B29A03EBC0014E52D /* Release */,
			);
			defaultConfigurationIsVisible = 0;
			defaultConfigurationName = Release;
		};
/* End XCConfigurationList section */

/* Begin XCVersionGroup section */
		859726112997037A00A54639 /* Devote.xcdatamodeld */ = {
			isa = XCVersionGroup;
			children = (
				859726122997037A00A54639 /* Devote.xcdatamodel */,
			);
			currentVersion = 859726122997037A00A54639 /* Devote.xcdatamodel */;
			path = Devote.xcdatamodeld;
			sourceTree = "<group>";
			versionGroupType = wrapper.xcdatamodel;
		};
/* End XCVersionGroup section */
	};
	rootObject = 859725DC299701C200A54639 /* Project object */;
}
